
Microsoft Visual Studio Solution File, Format Version 12.00
# Visual Studio Version 17
VisualStudioVersion = 17.4.33213.308
MinimumVisualStudioVersion = 10.0.40219.1
Project("{9A19103F-16F7-4668-BE54-9A1E7A4F7556}") = "OpenApiIntegrationLibrary", "OpenApiIntegrationLibrary\OpenApiIntegrationLibrary.csproj", "{96924542-D01C-488F-A251-C52700A927C9}"
EndProject
Project("{9A19103F-16F7-4668-BE54-9A1E7A4F7556}") = "AutoCodeGenrationTest", "AutoCodeGenrationTest\AutoCodeGenrationTest.csproj", "{527E76B0-D8FE-4435-BBA5-2E38C494B0B1}"
EndProject
Project("{9A19103F-16F7-4668-BE54-9A1E7A4F7556}") = "AutoCodeGenerationUI", "AutoCodeGenerationUI\AutoCodeGenerationUI.csproj", "{981A873A-82E3-424F-8C66-4436A5BCAD7F}"
EndProject
Project("{2150E333-8FDC-42A3-9474-1A3956D46DE8}") = "Test", "Test", "{5DE608AB-7585-4690-85AA-426AB760D629}"
EndProject
Global
	GlobalSection(SolutionConfigurationPlatforms) = preSolution
		Debug|Any CPU = Debug|Any CPU
		Release|Any CPU = Release|Any CPU
	EndGlobalSection
	GlobalSection(ProjectConfigurationPlatforms) = postSolution
		{96924542-D01C-488F-A251-C52700A927C9}.Debug|Any CPU.ActiveCfg = Debug|Any CPU
		{96924542-D01C-488F-A251-C52700A927C9}.Debug|Any CPU.Build.0 = Debug|Any CPU
		{96924542-D01C-488F-A251-C52700A927C9}.Release|Any CPU.ActiveCfg = Release|Any CPU
		{96924542-D01C-488F-A251-C52700A927C9}.Release|Any CPU.Build.0 = Release|Any CPU
		{527E76B0-D8FE-4435-BBA5-2E38C494B0B1}.Debug|Any CPU.ActiveCfg = Debug|Any CPU
		{527E76B0-D8FE-4435-BBA5-2E38C494B0B1}.Debug|Any CPU.Build.0 = Debug|Any CPU
		{527E76B0-D8FE-4435-BBA5-2E38C494B0B1}.Release|Any CPU.ActiveCfg = Release|Any CPU
		{527E76B0-D8FE-4435-BBA5-2E38C494B0B1}.Release|Any CPU.Build.0 = Release|Any CPU
		{981A873A-82E3-424F-8C66-4436A5BCAD7F}.Debug|Any CPU.ActiveCfg = Debug|Any CPU
		{981A873A-82E3-424F-8C66-4436A5BCAD7F}.Debug|Any CPU.Build.0 = Debug|Any CPU
		{981A873A-82E3-424F-8C66-4436A5BCAD7F}.Release|Any CPU.ActiveCfg = Release|Any CPU
		{981A873A-82E3-424F-8C66-4436A5BCAD7F}.Release|Any CPU.Build.0 = Release|Any CPU
	EndGlobalSection
	GlobalSection(SolutionProperties) = preSolution
		HideSolutionNode = FALSE
	EndGlobalSection
	GlobalSection(ExtensibilityGlobals) = postSolution
		SolutionGuid = {B7C3C979-1C26-485E-8995-1D7FB7E4BF13}
	EndGlobalSection
EndGlobal
